
Microsoft Visual Studio Solution File, Format Version 12.00
# Visual Studio 15
VisualStudioVersion = 15.0.26730.3
MinimumVisualStudioVersion = 10.0.40219.1
Project("{FAE04EC0-301F-11D3-BF4B-00C04F79EFBC}") = "TETL", "TETL\TETL.csproj", "{59E333AF-5FA0-4C53-8890-175A6E7A76D4}"
EndProject
Project("{2150E333-8FDC-42A3-9474-1A3956D46DE8}") = ".nuget", ".nuget", "{D1243A6D-9474-4943-A14B-CEE59014AC06}"
	ProjectSection(SolutionItems) = preProject
		NuGet.Config = NuGet.Config
	EndProjectSection
EndProject
Global
	GlobalSection(SolutionConfigurationPlatforms) = preSolution
		Debug|Any CPU = Debug|Any CPU
		Release|Any CPU = Release|Any CPU
	EndGlobalSection
	GlobalSection(ProjectConfigurationPlatforms) = postSolution
		{59E333AF-5FA0-4C53-8890-175A6E7A76D4}.Debug|Any CPU.ActiveCfg = Debug|Any CPU
		{59E333AF-5FA0-4C53-8890-175A6E7A76D4}.Debug|Any CPU.Build.0 = Debug|Any CPU
		{59E333AF-5FA0-4C53-8890-175A6E7A76D4}.Release|Any CPU.ActiveCfg = Release|Any CPU
		{59E333AF-5FA0-4C53-8890-175A6E7A76D4}.Release|Any CPU.Build.0 = Release|Any CPU
	EndGlobalSection
	GlobalSection(SolutionProperties) = preSolution
		HideSolutionNode = FALSE
	EndGlobalSection
	GlobalSection(ExtensibilityGlobals) = postSolution
		SolutionGuid = {7C5A1FBD-4131-4514-8931-D7B30530D419}
	EndGlobalSection
EndGlobal
